
Microsoft Visual Studio Solution File, Format Version 12.00
# Visual Studio Version 16
VisualStudioVersion = 16.0.28803.452
MinimumVisualStudioVersion = 10.0.40219.1
Project("{FAE04EC0-301F-11D3-BF4B-00C04F79EFBC}") = "ListBox", "ListBox\ListBox.csproj", "{06A2DE2A-F42C-4E9C-B96D-108C1CA78C09}"
EndProject
Global
	GlobalSection(SolutionConfigurationPlatforms) = preSolution
		Debug|Any CPU = Debug|Any CPU
		Release|Any CPU = Release|Any CPU
	EndGlobalSection
	GlobalSection(ProjectConfigurationPlatforms) = postSolution
		{06A2DE2A-F42C-4E9C-B96D-108C1CA78C09}.Debug|Any CPU.ActiveCfg = Debug|Any CPU
		{06A2DE2A-F42C-4E9C-B96D-108C1CA78C09}.Debug|Any CPU.Build.0 = Debug|Any CPU
		{06A2DE2A-F42C-4E9C-B96D-108C1CA78C09}.Release|Any CPU.ActiveCfg = Release|Any CPU
		{06A2DE2A-F42C-4E9C-B96D-108C1CA78C09}.Release|Any CPU.Build.0 = Release|Any CPU
	EndGlobalSection
	GlobalSection(SolutionProperties) = preSolution
		HideSolutionNode = FALSE
	EndGlobalSection
	GlobalSection(ExtensibilityGlobals) = postSolution
		SolutionGuid = {A146C7A9-18E9-4ED0-94EB-562968984FDC}
	EndGlobalSection
EndGlobal
